
Microsoft Visual Studio Solution File, Format Version 12.00
# Visual Studio Version 17
VisualStudioVersion = 17.9.34728.123
MinimumVisualStudioVersion = 10.0.40219.1
Project("{FAE04EC0-301F-11D3-BF4B-00C04F79EFBC}") = "WpfTextNimSter", "WpfTextNimSter\WpfTextNimSter.csproj", "{963EB89E-63C4-4161-B050-AF31404EAF7F}"
EndProject
Global
	GlobalSection(SolutionConfigurationPlatforms) = preSolution
		Debug|Any CPU = Debug|Any CPU
		Release|Any CPU = Release|Any CPU
	EndGlobalSection
	GlobalSection(ProjectConfigurationPlatforms) = postSolution
		{963EB89E-63C4-4161-B050-AF31404EAF7F}.Debug|Any CPU.ActiveCfg = Debug|Any CPU
		{963EB89E-63C4-4161-B050-AF31404EAF7F}.Debug|Any CPU.Build.0 = Debug|Any CPU
		{963EB89E-63C4-4161-B050-AF31404EAF7F}.Release|Any CPU.ActiveCfg = Release|Any CPU
		{963EB89E-63C4-4161-B050-AF31404EAF7F}.Release|Any CPU.Build.0 = Release|Any CPU
	EndGlobalSection
	GlobalSection(SolutionProperties) = preSolution
		HideSolutionNode = FALSE
	EndGlobalSection
	GlobalSection(ExtensibilityGlobals) = postSolution
		SolutionGuid = {E795E06B-2872-4BDA-8313-A97384BF8D8D}
	EndGlobalSection
EndGlobal
